
Microsoft Visual Studio Solution File, Format Version 12.00
# Visual Studio Version 18
VisualStudioVersion = 18.6.11806.211 stable
MinimumVisualStudioVersion = 10.0.40219.1
Project("{FAE04EC0-301F-11D3-BF4B-00C04F79EFBC}") = "Vagabunda", "Vagabunda.csproj", "{39CAC2CC-13D6-4FA9-AFEF-C68F2D8695DF}"
EndProject
Project("{54435603-DBB4-11D2-8724-00A0C9A8B90C}") = "Instalador_LaVagabunda", "..\Instalador_LaVagabunda\Instalador_LaVagabunda.vdproj", "{914130C2-32B5-C44A-3D5B-D2BBB0646CDB}"
EndProject
Global
	GlobalSection(SolutionConfigurationPlatforms) = preSolution
		Debug|Any CPU = Debug|Any CPU
		Release|Any CPU = Release|Any CPU
	EndGlobalSection
	GlobalSection(ProjectConfigurationPlatforms) = postSolution
		{39CAC2CC-13D6-4FA9-AFEF-C68F2D8695DF}.Debug|Any CPU.ActiveCfg = Debug|Any CPU
		{39CAC2CC-13D6-4FA9-AFEF-C68F2D8695DF}.Debug|Any CPU.Build.0 = Debug|Any CPU
		{39CAC2CC-13D6-4FA9-AFEF-C68F2D8695DF}.Release|Any CPU.ActiveCfg = Release|Any CPU
		{39CAC2CC-13D6-4FA9-AFEF-C68F2D8695DF}.Release|Any CPU.Build.0 = Release|Any CPU
		{914130C2-32B5-C44A-3D5B-D2BBB0646CDB}.Debug|Any CPU.ActiveCfg = Debug
		{914130C2-32B5-C44A-3D5B-D2BBB0646CDB}.Release|Any CPU.ActiveCfg = Release
		{914130C2-32B5-C44A-3D5B-D2BBB0646CDB}.Release|Any CPU.Build.0 = Release
	EndGlobalSection
	GlobalSection(SolutionProperties) = preSolution
		HideSolutionNode = FALSE
	EndGlobalSection
	GlobalSection(ExtensibilityGlobals) = postSolution
		SolutionGuid = {81729063-5BAE-4D96-A212-29EDB143C43C}
	EndGlobalSection
EndGlobal
